
Microsoft Visual Studio Solution File, Format Version 12.00
# Visual Studio Version 16
VisualStudioVersion = 16.0.810.21
MinimumVisualStudioVersion = 10.0.40219.1
Project("{FAE04EC0-301F-11D3-BF4B-00C04F79EFBC}") = "ListApp.Android", "ListApp.Android\ListApp.Android.csproj", "{9F72292A-1B03-4D4D-ADBC-6B583AB6169B}"
EndProject
Project("{FAE04EC0-301F-11D3-BF4B-00C04F79EFBC}") = "ListApp.iOS", "ListApp.iOS\ListApp.iOS.csproj", "{FFDC6310-C2C1-4A86-8474-9E2AD608F4E9}"
EndProject
Project("{FAE04EC0-301F-11D3-BF4B-00C04F79EFBC}") = "ListApp", "ListApp\ListApp.csproj", "{80B19780-1FC5-4EB9-9D80-9C5925DA6043}"
EndProject
Global
	GlobalSection(SolutionConfigurationPlatforms) = preSolution
		Debug|Any CPU = Debug|Any CPU
		Release|Any CPU = Release|Any CPU
		Debug|iPhoneSimulator = Debug|iPhoneSimulator
		Release|iPhoneSimulator = Release|iPhoneSimulator
		Debug|iPhone = Debug|iPhone
		Release|iPhone = Release|iPhone
	EndGlobalSection
	GlobalSection(ProjectConfigurationPlatforms) = postSolution
		{9F72292A-1B03-4D4D-ADBC-6B583AB6169B}.Debug|Any CPU.ActiveCfg = Debug|Any CPU
		{9F72292A-1B03-4D4D-ADBC-6B583AB6169B}.Debug|Any CPU.Build.0 = Debug|Any CPU
		{9F72292A-1B03-4D4D-ADBC-6B583AB6169B}.Release|Any CPU.ActiveCfg = Release|Any CPU
		{9F72292A-1B03-4D4D-ADBC-6B583AB6169B}.Release|Any CPU.Build.0 = Release|Any CPU
		{9F72292A-1B03-4D4D-ADBC-6B583AB6169B}.Debug|iPhoneSimulator.ActiveCfg = Debug|Any CPU
		{9F72292A-1B03-4D4D-ADBC-6B583AB6169B}.Debug|iPhoneSimulator.Build.0 = Debug|Any CPU
		{9F72292A-1B03-4D4D-ADBC-6B583AB6169B}.Release|iPhoneSimulator.ActiveCfg = Release|Any CPU
		{9F72292A-1B03-4D4D-ADBC-6B583AB6169B}.Release|iPhoneSimulator.Build.0 = Release|Any CPU
		{9F72292A-1B03-4D4D-ADBC-6B583AB6169B}.Debug|iPhone.ActiveCfg = Debug|Any CPU
		{9F72292A-1B03-4D4D-ADBC-6B583AB6169B}.Debug|iPhone.Build.0 = Debug|Any CPU
		{9F72292A-1B03-4D4D-ADBC-6B583AB6169B}.Release|iPhone.ActiveCfg = Release|Any CPU
		{9F72292A-1B03-4D4D-ADBC-6B583AB6169B}.Release|iPhone.Build.0 = Release|Any CPU
		{FFDC6310-C2C1-4A86-8474-9E2AD608F4E9}.Debug|Any CPU.ActiveCfg = Debug|iPhoneSimulator
		{FFDC6310-C2C1-4A86-8474-9E2AD608F4E9}.Debug|Any CPU.Build.0 = Debug|iPhoneSimulator
		{FFDC6310-C2C1-4A86-8474-9E2AD608F4E9}.Release|Any CPU.ActiveCfg = Release|iPhoneSimulator
		{FFDC6310-C2C1-4A86-8474-9E2AD608F4E9}.Release|Any CPU.Build.0 = Release|iPhoneSimulator
		{FFDC6310-C2C1-4A86-8474-9E2AD608F4E9}.Debug|iPhoneSimulator.ActiveCfg = Debug|iPhoneSimulator
		{FFDC6310-C2C1-4A86-8474-9E2AD608F4E9}.Debug|iPhoneSimulator.Build.0 = Debug|iPhoneSimulator
		{FFDC6310-C2C1-4A86-8474-9E2AD608F4E9}.Release|iPhoneSimulator.ActiveCfg = Release|iPhoneSimulator
		{FFDC6310-C2C1-4A86-8474-9E2AD608F4E9}.Release|iPhoneSimulator.Build.0 = Release|iPhoneSimulator
		{FFDC6310-C2C1-4A86-8474-9E2AD608F4E9}.Debug|iPhone.ActiveCfg = Debug|iPhone
		{FFDC6310-C2C1-4A86-8474-9E2AD608F4E9}.Debug|iPhone.Build.0 = Debug|iPhone
		{FFDC6310-C2C1-4A86-8474-9E2AD608F4E9}.Release|iPhone.ActiveCfg = Release|iPhone
		{FFDC6310-C2C1-4A86-8474-9E2AD608F4E9}.Release|iPhone.Build.0 = Release|iPhone
		{80B19780-1FC5-4EB9-9D80-9C5925DA6043}.Debug|Any CPU.ActiveCfg = Debug|Any CPU
		{80B19780-1FC5-4EB9-9D80-9C5925DA6043}.Debug|Any CPU.Build.0 = Debug|Any CPU
		{80B19780-1FC5-4EB9-9D80-9C5925DA6043}.Release|Any CPU.ActiveCfg = Release|Any CPU
		{80B19780-1FC5-4EB9-9D80-9C5925DA6043}.Release|Any CPU.Build.0 = Release|Any CPU
		{80B19780-1FC5-4EB9-9D80-9C5925DA6043}.Debug|iPhoneSimulator.ActiveCfg = Debug|Any CPU
		{80B19780-1FC5-4EB9-9D80-9C5925DA6043}.Debug|iPhoneSimulator.Build.0 = Debug|Any CPU
		{80B19780-1FC5-4EB9-9D80-9C5925DA6043}.Release|iPhoneSimulator.ActiveCfg = Release|Any CPU
		{80B19780-1FC5-4EB9-9D80-9C5925DA6043}.Release|iPhoneSimulator.Build.0 = Release|Any CPU
		{80B19780-1FC5-4EB9-9D80-9C5925DA6043}.Debug|iPhone.ActiveCfg = Debug|Any CPU
		{80B19780-1FC5-4EB9-9D80-9C5925DA6043}.Debug|iPhone.Build.0 = Debug|Any CPU
		{80B19780-1FC5-4EB9-9D80-9C5925DA6043}.Release|iPhone.ActiveCfg = Release|Any CPU
		{80B19780-1FC5-4EB9-9D80-9C5925DA6043}.Release|iPhone.Build.0 = Release|Any CPU
	EndGlobalSection
	GlobalSection(SolutionProperties) = preSolution
		HideSolutionNode = FALSE
	EndGlobalSection
	GlobalSection(ExtensibilityGlobals) = postSolution
		SolutionGuid = {2B98EEF9-0839-4CFB-9999-13608E80F75F}
	EndGlobalSection
EndGlobal
